Microsoft Visual Studio Solution File, Format Version 11.00
# Visual Studio 2008

Project("{D78B6F30-225C-DC81-1ADF-E8D4E7C9FD34}") = "hack", "Assembly-CSharp-firstpass.csproj", "{89E87C48-40EA-94BB-C81D-E81E3ADFACBC}"
EndProject
Project("{D78B6F30-225C-DC81-1ADF-E8D4E7C9FD34}") = "hack", "Assembly-CSharp-Editor.csproj", "{89B25B4B-5780-381C-2BB5-2ADBC1276DE1}"
EndProject
Global
	GlobalSection(SolutionConfigurationPlatforms) = preSolution
		Debug|Any CPU = Debug|Any CPU
		Release|Any CPU = Release|Any CPU
	EndGlobalSection
	GlobalSection(ProjectConfigurationPlatforms) = postSolution
		{89E87C48-40EA-94BB-C81D-E81E3ADFACBC}.Debug|Any CPU.ActiveCfg = Debug|Any CPU
		{89E87C48-40EA-94BB-C81D-E81E3ADFACBC}.Debug|Any CPU.Build.0 = Debug|Any CPU
		{89E87C48-40EA-94BB-C81D-E81E3ADFACBC}.Release|Any CPU.ActiveCfg = Release|Any CPU
		{89E87C48-40EA-94BB-C81D-E81E3ADFACBC}.Release|Any CPU.Build.0 = Release|Any CPU
		{89B25B4B-5780-381C-2BB5-2ADBC1276DE1}.Debug|Any CPU.ActiveCfg = Debug|Any CPU
		{89B25B4B-5780-381C-2BB5-2ADBC1276DE1}.Debug|Any CPU.Build.0 = Debug|Any CPU
		{89B25B4B-5780-381C-2BB5-2ADBC1276DE1}.Release|Any CPU.ActiveCfg = Release|Any CPU
		{89B25B4B-5780-381C-2BB5-2ADBC1276DE1}.Release|Any CPU.Build.0 = Release|Any CPU
	EndGlobalSection
	GlobalSection(SolutionProperties) = preSolution
		HideSolutionNode = FALSE
	EndGlobalSection
	GlobalSection(MonoDevelopProperties) = preSolution
		StartupItem = Assembly-CSharp.csproj
	EndGlobalSection
EndGlobal
